// !$*UTF8*$!
{
	archiveVersion = 1;
	classes = {
	};
	objectVersion = 50;
	objects = {

/* Begin PBXBuildFile section */
		345CFD4224CD5339005AD7FB /* AppDelegate.swift in Sources */ = {isa = PBXBuildFile; fileRef = 345CFD4124CD5339005AD7FB /* AppDelegate.swift */; };
		345CFD4424CD5339005AD7FB /* SceneDelegate.swift in Sources */ = {isa = PBXBuildFile; fileRef = 345CFD4324CD5339005AD7FB /* SceneDelegate.swift */; };
		345CFD4624CD5339005AD7FB /* ContentView.swift in Sources */ = {isa = PBXBuildFile; fileRef = 345CFD4524CD5339005AD7FB /* ContentView.swift */; };
		345CFD4824CD533C005AD7FB /* Assets.xcassets in Resources */ = {isa = PBXBuildFile; fileRef = 345CFD4724CD533C005AD7FB /* Assets.xcassets */; };
		345CFD4B24CD533C005AD7FB /* Preview Assets.xcassets in Resources */ = {isa = PBXBuildFile; fileRef = 345CFD4A24CD533C005AD7FB /* Preview Assets.xcassets */; };
		345CFD4E24CD533C005AD7FB /* LaunchScreen.storyboard in Resources */ = {isa = PBXBuildFile; fileRef = 345CFD4C24CD533C005AD7FB /* LaunchScreen.storyboard */; };
/* End PBXBuildFile section */

/* Begin PBXFileReference section */
		345CFD3E24CD5339005AD7FB /* Project-6-Animation.app */ = {isa = PBXFileReference; explicitFileType = wrapper.application; includeInIndex = 0; path = "Project-6-Animation.app"; sourceTree = BUILT_PRODUCTS_DIR; };
		345CFD4124CD5339005AD7FB /* AppDelegate.swift */ = {isa = PBXFileReference; lastKnownFileType = sourcecode.swift; path = AppDelegate.swift; sourceTree = "<group>"; };
		345CFD4324CD5339005AD7FB /* SceneDelegate.swift */ = {isa = PBXFileReference; lastKnownFileType = sourcecode.swift; path = SceneDelegate.swift; sourceTree = "<group>"; };
		345CFD4524CD5339005AD7FB /* ContentView.swift */ = {isa = PBXFileReference; lastKnownFileType = sourcecode.swift; path = ContentView.swift; sourceTree = "<group>"; };
		345CFD4724CD533C005AD7FB /* Assets.xcassets */ = {isa = PBXFileReference; lastKnownFileType = folder.assetcatalog; path = Assets.xcassets; sourceTree = "<group>"; };
		345CFD4A24CD533C005AD7FB /* Preview Assets.xcassets */ = {isa = PBXFileReference; lastKnownFileType = folder.assetcatalog; path = "Preview Assets.xcassets"; sourceTree = "<group>"; };
		345CFD4D24CD533C005AD7FB /* Base */ = {isa = PBXFileReference; lastKnownFileType = file.storyboard; name = Base; path = Base.lproj/LaunchScreen.storyboard; sourceTree = "<group>"; };
		345CFD4F24CD533C005AD7FB /* Info.plist */ = {isa = PBXFileReference; lastKnownFileType = text.plist.xml; path = Info.plist; sourceTree = "<group>"; };
/* End PBXFileReference section */

/* Begin PBXFrameworksBuildPhase section */
		345CFD3B24CD5339005AD7FB /* Frameworks */ = {
			isa = PBXFrameworksBuildPhase;
			buildActionMask = 2147483647;
			files = (
			);
			runOnlyForDeploymentPostprocessing = 0;
		};
/* End PBXFrameworksBuildPhase section */

/* Begin PBXGroup section */
		345CFD3524CD5339005AD7FB = {
			isa = PBXGroup;
			children = (
				345CFD4024CD5339005AD7FB /* Project-6-Animation */,
				345CFD3F24CD5339005AD7FB /* Products */,
			);
			sourceTree = "<group>";
		};
		345CFD3F24CD5339005AD7FB /* Products */ = {
			isa = PBXGroup;
			children = (
				345CFD3E24CD5339005AD7FB /* Project-6-Animation.app */,
			);
			name = Products;
			sourceTree = "<group>";
		};
		345CFD4024CD5339005AD7FB /* Project-6-Animation */ = {
			isa = PBXGroup;
			children = (
				345CFD4124CD5339005AD7FB /* AppDelegate.swift */,
				345CFD4324CD5339005AD7FB /* SceneDelegate.swift */,
				345CFD4524CD5339005AD7FB /* ContentView.swift */,
				345CFD4724CD533C005AD7FB /* Assets.xcassets */,
				345CFD4C24CD533C005AD7FB /* LaunchScreen.storyboard */,
				345CFD4F24CD533C005AD7FB /* Info.plist */,
				345CFD4924CD533C005AD7FB /* Preview Content */,
			);
			path = "Project-6-Animation";
			sourceTree = "<group>";
		};
		345CFD4924CD533C005AD7FB /* Preview Content */ = {
			isa = PBXGroup;
			children = (
				345CFD4A24CD533C005AD7FB /* Preview Assets.xcassets */,
			);
			path = "Preview Content";
			sourceTree = "<group>";
		};
/* End PBXGroup section */

/* Begin PBXNativeTarget section */
		345CFD3D24CD5339005AD7FB /* Project-6-Animation */ = {
			isa = PBXNativeTarget;
			buildConfigurationList = 345CFD5224CD533C005AD7FB /* Build configuration list for PBXNativeTarget "Project-6-Animation" */;
			buildPhases = (
				345CFD3A24CD5339005AD7FB /* Sources */,
				345CFD3B24CD5339005AD7FB /* Frameworks */,
				345CFD3C24CD5339005AD7FB /* Resources */,
			);
			buildRules = (
			);
			dependencies = (
			);
			name = "Project-6-Animation";
			productName = "Project-6-Animation";
			productReference = 345CFD3E24CD5339005AD7FB /* Project-6-Animation.app */;
			productType = "com.apple.product-type.application";
		};
/* End PBXNativeTarget section */

/* Begin PBXProject section */
		345CFD3624CD5339005AD7FB /* Project object */ = {
			isa = PBXProject;
			attributes = {
				LastSwiftUpdateCheck = 1160;
				LastUpgradeCheck = 1160;
				ORGANIZATIONNAME = "Jonathan Miranda";
				TargetAttributes = {
					345CFD3D24CD5339005AD7FB = {
						CreatedOnToolsVersion = 11.6;
					};
				};
			};
			buildConfigurationList = 345CFD3924CD5339005AD7FB /* Build configuration list for PBXProject "Project-6-Animation" */;
			compatibilityVersion = "Xcode 9.3";
			developmentRegion = en;
			hasScannedForEncodings = 0;
			knownRegions = (
				en,
				Base,
			);
			mainGroup = 345CFD3524CD5339005AD7FB;
			productRefGroup = 345CFD3F24CD5339005AD7FB /* Products */;
			projectDirPath = "";
			projectRoot = "";
			targets = (
				345CFD3D24CD5339005AD7FB /* Project-6-Animation */,
			);
		};
/* End PBXProject section */

/* Begin PBXResourcesBuildPhase section */
		345CFD3C24CD5339005AD7FB /* Resources */ = {
			isa = PBXResourcesBuildPhase;
			buildActionMask = 2147483647;
			files = (
				345CFD4E24CD533C005AD7FB /* LaunchScreen.storyboard in Resources */,
				345CFD4B24CD533C005AD7FB /* Preview Assets.xcassets in Resources */,
				345CFD4824CD533C005AD7FB /* Assets.xcassets in Resources */,
			);
			runOnlyForDeploymentPostprocessing = 0;
		};
/* End PBXResourcesBuildPhase section */

/* Begin PBXSourcesBuildPhase section */
		345CFD3A24CD5339005AD7FB /* Sources */ = {
			isa = PBXSourcesBuildPhase;
			buildActionMask = 2147483647;
			files = (
				345CFD4224CD5339005AD7FB /* AppDelegate.swift in Sources */,
				345CFD4424CD5339005AD7FB /* SceneDelegate.swift in Sources */,
				345CFD4624CD5339005AD7FB /* ContentView.swift in Sources */,
			);
			runOnlyForDeploymentPostprocessing = 0;
		};
/* End PBXSourcesBuildPhase section */

/* Begin PBXVariantGroup section */
		345CFD4C24CD533C005AD7FB /* LaunchScreen.storyboard */ = {
			isa = PBXVariantGroup;
			children = (
				345CFD4D24CD533C005AD7FB /* Base */,
			);
			name = LaunchScreen.storyboard;
			sourceTree = "<group>";
		};
/* End PBXVariantGroup section */

/* Begin XCBuildConfiguration section */
		345CFD5024CD533C005AD7FB /* Debug */ = {
			isa = XCBuildConfiguration;
			buildSettings = {
				ALWAYS_SEARCH_USER_PATHS = NO;
				CLANG_ANALYZER_NONNULL = YES;
				CLANG_ANALYZER_NUMBER_OBJECT_CONVERSION = YES_AGGRESSIVE;
				CLANG_CXX_LANGUAGE_STANDARD = "gnu++14";
				CLANG_CXX_LIBRARY = "libc++";
				CLANG_ENABLE_MODULES = YES;
				CLANG_ENABLE_OBJC_ARC = YES;
				CLANG_ENABLE_OBJC_WEAK = YES;
				CLANG_WARN_BLOCK_CAPTURE_AUTORELEASING = YES;
				CLANG_WARN_BOOL_CONVERSION = YES;
				CLANG_WARN_COMMA = YES;
				CLANG_WARN_CONSTANT_CONVERSION = YES;
				CLANG_WARN_DEPRECATED_OBJC_IMPLEMENTATIONS = YES;
				CLANG_WARN_DIRECT_OBJC_ISA_USAGE = YES_ERROR;
				CLANG_WARN_DOCUMENTATION_COMMENTS = YES;
				CLANG_WARN_EMPTY_BODY = YES;
				CLANG_WARN_ENUM_CONVERSION = YES;
				CLANG_WARN_INFINITE_RECURSION = YES;
				CLANG_WARN_INT_CONVERSION = YES;
				CLANG_WARN_NON_LITERAL_NULL_CONVERSION = YES;
				CLANG_WARN_OBJC_IMPLICIT_RETAIN_SELF = YES;
				CLANG_WARN_OBJC_LITERAL_CONVERSION = YES;
				CLANG_WARN_OBJC_ROOT_CLASS = YES_ERROR;
				CLANG_WARN_RANGE_LOOP_ANALYSIS = YES;
				CLANG_WARN_STRICT_PROTOTYPES = YES;
				CLANG_WARN_SUSPICIOUS_MOVE = YES;
				CLANG_WARN_UNGUARDED_AVAILABILITY = YES_AGGRESSIVE;
				CLANG_WARN_UNREACHABLE_CODE = YES;
				CLANG_WARN__DUPLICATE_METHOD_MATCH = YES;
				COPY_PHASE_STRIP = NO;
				DEBUG_INFORMATION_FORMAT = dwarf;
				ENABLE_STRICT_OBJC_MSGSEND = YES;
				ENABLE_TESTABILITY = YES;
				GCC_C_LANGUAGE_STANDARD = gnu11;
				GCC_DYNAMIC_NO_PIC = NO;
				GCC_NO_COMMON_BLOCKS = YES;
				GCC_OPTIMIZATION_LEVEL = 0;
				GCC_PREPROCESSOR_DEFINITIONS = (
					"DEBUG=1",
					"$(inherited)",
				);
				GCC_WARN_64_TO_32_BIT_CONVERSION = YES;
				GCC_WARN_ABOUT_RETURN_TYPE = YES_ERROR;
				GCC_WARN_UNDECLARED_SELECTOR = YES;
				GCC_WARN_UNINITIALIZED_AUTOS = YES_AGGRESSIVE;
				GCC_WARN_UNUSED_FUNCTION = YES;
				GCC_WARN_UNUSED_VARIABLE = YES;
				IPHONEOS_DEPLOYMENT_TARGET = 13.6;
				MTL_ENABLE_DEBUG_INFO = INCLUDE_SOURCE;
				MTL_FAST_MATH = YES;
				ONLY_ACTIVE_ARCH = YES;
				SDKROOT = iphoneos;
				SWIFT_ACTIVE_COMPILATION_CONDITIONS = DEBUG;
				SWIFT_OPTIMIZATION_LEVEL = "-Onone";
			};
			name = Debug;
		};
		345CFD5124CD533C005AD7FB /* Release */ = {
			isa = XCBuildConfiguration;
			buildSettings = {
				ALWAYS_SEARCH_USER_PATHS = NO;
				CLANG_ANALYZER_NONNULL = YES;
				CLANG_ANALYZER_NUMBER_OBJECT_CONVERSION = YES_AGGRESSIVE;
				CLANG_CXX_LANGUAGE_STANDARD = "gnu++14";
				CLANG_CXX_LIBRARY = "libc++";
				CLANG_ENABLE_MODULES = YES;
				CLANG_ENABLE_OBJC_ARC = YES;
				CLANG_ENABLE_OBJC_WEAK = YES;
				CLANG_WARN_BLOCK_CAPTURE_AUTORELEASING = YES;
				CLANG_WARN_BOOL_CONVERSION = YES;
				CLANG_WARN_COMMA = YES;
				CLANG_WARN_CONSTANT_CONVERSION = YES;
				CLANG_WARN_DEPRECATED_OBJC_IMPLEMENTATIONS = YES;
				CLANG_WARN_DIRECT_OBJC_ISA_USAGE = YES_ERROR;
				CLANG_WARN_DOCUMENTATION_COMMENTS = YES;
				CLANG_WARN_EMPTY_BODY = YES;
				CLANG_WARN_ENUM_CONVERSION = YES;
				CLANG_WARN_INFINITE_RECURSION = YES;
				CLANG_WARN_INT_CONVERSION = YES;
				CLANG_WARN_NON_LITERAL_NULL_CONVERSION = YES;
				CLANG_WARN_OBJC_IMPLICIT_RETAIN_SELF = YES;
				CLANG_WARN_OBJC_LITERAL_CONVERSION = YES;
				CLANG_WARN_OBJC_ROOT_CLASS = YES_ERROR;
				CLANG_WARN_RANGE_LOOP_ANALYSIS = YES;
				CLANG_WARN_STRICT_PROTOTYPES = YES;
				CLANG_WARN_SUSPICIOUS_MOVE = YES;
				CLANG_WARN_UNGUARDED_AVAILABILITY = YES_AGGRESSIVE;
				CLANG_WARN_UNREACHABLE_CODE = YES;
				CLANG_WARN__DUPLICATE_METHOD_MATCH = YES;
				COPY_PHASE_STRIP = NO;
				DEBUG_INFORMATION_FORMAT = "dwarf-with-dsym";
				ENABLE_NS_ASSERTIONS = NO;
				ENABLE_STRICT_OBJC_MSGSEND = YES;
				GCC_C_LANGUAGE_STANDARD = gnu11;
				GCC_NO_COMMON_BLOCKS = YES;
				GCC_WARN_64_TO_32_BIT_CONVERSION = YES;
				GCC_WARN_ABOUT_RETURN_TYPE = YES_ERROR;
				GCC_WARN_UNDECLARED_SELECTOR = YES;
				GCC_WARN_UNINITIALIZED_AUTOS = YES_AGGRESSIVE;
				GCC_WARN_UNUSED_FUNCTION = YES;
				GCC_WARN_UNUSED_VARIABLE = YES;
				IPHONEOS_DEPLOYMENT_TARGET = 13.6;
				MTL_ENABLE_DEBUG_INFO = NO;
				MTL_FAST_MATH = YES;
				SDKROOT = iphoneos;
				SWIFT_COMPILATION_MODE = wholemodule;
				SWIFT_OPTIMIZATION_LEVEL = "-O";
				VALIDATE_PRODUCT = YES;
			};
			name = Release;
		};
		345CFD5324CD533C005AD7FB /* Debug */ = {
			isa = XCBuildConfiguration;
			buildSettings = {
				ASSETCATALOG_COMPILER_APPICON_NAME = AppIcon;
				CODE_SIGN_STYLE = Automatic;
				DEVELOPMENT_ASSET_PATHS = "\"Project-6-Animation/Preview Content\"";
				DEVELOPMENT_TEAM = 9VQ88X3US5;
				ENABLE_PREVIEWS = YES;
				INFOPLIST_FILE = "Project-6-Animation/Info.plist";
				LD_RUNPATH_SEARCH_PATHS = (
					"$(inherited)",
					"@executable_path/Frameworks",
				);
				PRODUCT_BUNDLE_IDENTIFIER = "jonathanmiranda.Project-6-Animation";
				PRODUCT_NAME = "$(TARGET_NAME)";
				SWIFT_VERSION = 5.0;
				TARGETED_DEVICE_FAMILY = "1,2";
			};
			name = Debug;
		};
		345CFD5424CD533C005AD7FB /* Release */ = {
			isa = XCBuildConfiguration;
			buildSettings = {
				ASSETCATALOG_COMPILER_APPICON_NAME = AppIcon;
				CODE_SIGN_STYLE = Automatic;
				DEVELOPMENT_ASSET_PATHS = "\"Project-6-Animation/Preview Content\"";
				DEVELOPMENT_TEAM = 9VQ88X3US5;
				ENABLE_PREVIEWS = YES;
				INFOPLIST_FILE = "Project-6-Animation/Info.plist";
				LD_RUNPATH_SEARCH_PATHS = (
					"$(inherited)",
					"@executable_path/Frameworks",
				);
				PRODUCT_BUNDLE_IDENTIFIER = "jonathanmiranda.Project-6-Animation";
				PRODUCT_NAME = "$(TARGET_NAME)";
				SWIFT_VERSION = 5.0;
				TARGETED_DEVICE_FAMILY = "1,2";
			};
			name = Release;
		};
/* End XCBuildConfiguration section */

/* Begin XCConfigurationList section */
		345CFD3924CD5339005AD7FB /* Build configuration list for PBXProject "Project-6-Animation" */ = {
			isa = XCConfigurationList;
			buildConfigurations = (
				345CFD5024CD533C005AD7FB /* Debug */,
				345CFD5124CD533C005AD7FB /* Release */,
			);
			defaultConfigurationIsVisible = 0;
			defaultConfigurationName = Release;
		};
		345CFD5224CD533C005AD7FB /* Build configuration list for PBXNativeTarget "Project-6-Animation" */ = {
			isa = XCConfigurationList;
			buildConfigurations = (
				345CFD5324CD533C005AD7FB /* Debug */,
				345CFD5424CD533C005AD7FB /* Release */,
			);
			defaultConfigurationIsVisible = 0;
			defaultConfigurationName = Release;
		};
/* End XCConfigurationList section */
	};
	rootObject = 345CFD3624CD5339005AD7FB /* Project object */;
}
