// !$*UTF8*$!
{
	archiveVersion = 1;
	classes = {
	};
	objectVersion = 50;
	objects = {

/* Begin PBXBuildFile section */
		341632D824C14B0C0066A460 /* AstronautView.swift in Sources */ = {isa = PBXBuildFile; fileRef = 341632D724C14B0C0066A460 /* AstronautView.swift */; };
		349A558624BA2FA6003A8A4D /* AppDelegate.swift in Sources */ = {isa = PBXBuildFile; fileRef = 349A558524BA2FA6003A8A4D /* AppDelegate.swift */; };
		349A558824BA2FA6003A8A4D /* SceneDelegate.swift in Sources */ = {isa = PBXBuildFile; fileRef = 349A558724BA2FA6003A8A4D /* SceneDelegate.swift */; };
		349A558A24BA2FA6003A8A4D /* ContentView.swift in Sources */ = {isa = PBXBuildFile; fileRef = 349A558924BA2FA6003A8A4D /* ContentView.swift */; };
		349A558C24BA2FAB003A8A4D /* Assets.xcassets in Resources */ = {isa = PBXBuildFile; fileRef = 349A558B24BA2FAB003A8A4D /* Assets.xcassets */; };
		349A558F24BA2FAB003A8A4D /* Preview Assets.xcassets in Resources */ = {isa = PBXBuildFile; fileRef = 349A558E24BA2FAB003A8A4D /* Preview Assets.xcassets */; };
		349A559224BA2FAB003A8A4D /* LaunchScreen.storyboard in Resources */ = {isa = PBXBuildFile; fileRef = 349A559024BA2FAB003A8A4D /* LaunchScreen.storyboard */; };
		34FC6FE224BD12E1000A6428 /* missions.json in Resources */ = {isa = PBXBuildFile; fileRef = 34FC6FE024BD12E1000A6428 /* missions.json */; };
		34FC6FE324BD12E1000A6428 /* astronauts.json in Resources */ = {isa = PBXBuildFile; fileRef = 34FC6FE124BD12E1000A6428 /* astronauts.json */; };
		34FC6FE524BD1399000A6428 /* Astronaut.swift in Sources */ = {isa = PBXBuildFile; fileRef = 34FC6FE424BD1399000A6428 /* Astronaut.swift */; };
		34FC6FE724BD13F6000A6428 /* Bundle-Decodable.swift in Sources */ = {isa = PBXBuildFile; fileRef = 34FC6FE624BD13F6000A6428 /* Bundle-Decodable.swift */; };
		34FC6FE924BD4D6E000A6428 /* Mission.swift in Sources */ = {isa = PBXBuildFile; fileRef = 34FC6FE824BD4D6E000A6428 /* Mission.swift */; };
		34FD21B124BEB6EA0034F79C /* MissionView.swift in Sources */ = {isa = PBXBuildFile; fileRef = 34FD21B024BEB6EA0034F79C /* MissionView.swift */; };
/* End PBXBuildFile section */

/* Begin PBXFileReference section */
		341632D724C14B0C0066A460 /* AstronautView.swift */ = {isa = PBXFileReference; lastKnownFileType = sourcecode.swift; path = AstronautView.swift; sourceTree = "<group>"; };
		349A558224BA2FA6003A8A4D /* Project-8-Moonshot.app */ = {isa = PBXFileReference; explicitFileType = wrapper.application; includeInIndex = 0; path = "Project-8-Moonshot.app"; sourceTree = BUILT_PRODUCTS_DIR; };
		349A558524BA2FA6003A8A4D /* AppDelegate.swift */ = {isa = PBXFileReference; lastKnownFileType = sourcecode.swift; path = AppDelegate.swift; sourceTree = "<group>"; };
		349A558724BA2FA6003A8A4D /* SceneDelegate.swift */ = {isa = PBXFileReference; lastKnownFileType = sourcecode.swift; path = SceneDelegate.swift; sourceTree = "<group>"; };
		349A558924BA2FA6003A8A4D /* ContentView.swift */ = {isa = PBXFileReference; lastKnownFileType = sourcecode.swift; path = ContentView.swift; sourceTree = "<group>"; };
		349A558B24BA2FAB003A8A4D /* Assets.xcassets */ = {isa = PBXFileReference; lastKnownFileType = folder.assetcatalog; path = Assets.xcassets; sourceTree = "<group>"; };
		349A558E24BA2FAB003A8A4D /* Preview Assets.xcassets */ = {isa = PBXFileReference; lastKnownFileType = folder.assetcatalog; path = "Preview Assets.xcassets"; sourceTree = "<group>"; };
		349A559124BA2FAB003A8A4D /* Base */ = {isa = PBXFileReference; lastKnownFileType = file.storyboard; name = Base; path = Base.lproj/LaunchScreen.storyboard; sourceTree = "<group>"; };
		349A559324BA2FAB003A8A4D /* Info.plist */ = {isa = PBXFileReference; lastKnownFileType = text.plist.xml; path = Info.plist; sourceTree = "<group>"; };
		34FC6FE024BD12E1000A6428 /* missions.json */ = {isa = PBXFileReference; fileEncoding = 4; lastKnownFileType = text.json; path = missions.json; sourceTree = "<group>"; };
		34FC6FE124BD12E1000A6428 /* astronauts.json */ = {isa = PBXFileReference; fileEncoding = 4; lastKnownFileType = text.json; path = astronauts.json; sourceTree = "<group>"; };
		34FC6FE424BD1399000A6428 /* Astronaut.swift */ = {isa = PBXFileReference; lastKnownFileType = sourcecode.swift; path = Astronaut.swift; sourceTree = "<group>"; };
		34FC6FE624BD13F6000A6428 /* Bundle-Decodable.swift */ = {isa = PBXFileReference; lastKnownFileType = sourcecode.swift; path = "Bundle-Decodable.swift"; sourceTree = "<group>"; };
		34FC6FE824BD4D6E000A6428 /* Mission.swift */ = {isa = PBXFileReference; lastKnownFileType = sourcecode.swift; path = Mission.swift; sourceTree = "<group>"; };
		34FD21B024BEB6EA0034F79C /* MissionView.swift */ = {isa = PBXFileReference; lastKnownFileType = sourcecode.swift; path = MissionView.swift; sourceTree = "<group>"; };
/* End PBXFileReference section */

/* Begin PBXFrameworksBuildPhase section */
		349A557F24BA2FA6003A8A4D /* Frameworks */ = {
			isa = PBXFrameworksBuildPhase;
			buildActionMask = 2147483647;
			files = (
			);
			runOnlyForDeploymentPostprocessing = 0;
		};
/* End PBXFrameworksBuildPhase section */

/* Begin PBXGroup section */
		349A557924BA2FA6003A8A4D = {
			isa = PBXGroup;
			children = (
				349A558424BA2FA6003A8A4D /* Project-8-Moonshot */,
				349A558324BA2FA6003A8A4D /* Products */,
			);
			sourceTree = "<group>";
		};
		349A558324BA2FA6003A8A4D /* Products */ = {
			isa = PBXGroup;
			children = (
				349A558224BA2FA6003A8A4D /* Project-8-Moonshot.app */,
			);
			name = Products;
			sourceTree = "<group>";
		};
		349A558424BA2FA6003A8A4D /* Project-8-Moonshot */ = {
			isa = PBXGroup;
			children = (
				349A558524BA2FA6003A8A4D /* AppDelegate.swift */,
				349A558724BA2FA6003A8A4D /* SceneDelegate.swift */,
				349A558924BA2FA6003A8A4D /* ContentView.swift */,
				349A558B24BA2FAB003A8A4D /* Assets.xcassets */,
				34FC6FE124BD12E1000A6428 /* astronauts.json */,
				34FC6FE024BD12E1000A6428 /* missions.json */,
				341632D724C14B0C0066A460 /* AstronautView.swift */,
				34FD21B024BEB6EA0034F79C /* MissionView.swift */,
				34FC6FE624BD13F6000A6428 /* Bundle-Decodable.swift */,
				34FC6FE424BD1399000A6428 /* Astronaut.swift */,
				34FC6FE824BD4D6E000A6428 /* Mission.swift */,
				349A559024BA2FAB003A8A4D /* LaunchScreen.storyboard */,
				349A559324BA2FAB003A8A4D /* Info.plist */,
				349A558D24BA2FAB003A8A4D /* Preview Content */,
			);
			path = "Project-8-Moonshot";
			sourceTree = "<group>";
		};
		349A558D24BA2FAB003A8A4D /* Preview Content */ = {
			isa = PBXGroup;
			children = (
				349A558E24BA2FAB003A8A4D /* Preview Assets.xcassets */,
			);
			path = "Preview Content";
			sourceTree = "<group>";
		};
/* End PBXGroup section */

/* Begin PBXNativeTarget section */
		349A558124BA2FA6003A8A4D /* Project-8-Moonshot */ = {
			isa = PBXNativeTarget;
			buildConfigurationList = 349A559624BA2FAB003A8A4D /* Build configuration list for PBXNativeTarget "Project-8-Moonshot" */;
			buildPhases = (
				349A557E24BA2FA6003A8A4D /* Sources */,
				349A557F24BA2FA6003A8A4D /* Frameworks */,
				349A558024BA2FA6003A8A4D /* Resources */,
			);
			buildRules = (
			);
			dependencies = (
			);
			name = "Project-8-Moonshot";
			productName = "Project-8-Moonshot";
			productReference = 349A558224BA2FA6003A8A4D /* Project-8-Moonshot.app */;
			productType = "com.apple.product-type.application";
		};
/* End PBXNativeTarget section */

/* Begin PBXProject section */
		349A557A24BA2FA6003A8A4D /* Project object */ = {
			isa = PBXProject;
			attributes = {
				LastSwiftUpdateCheck = 1150;
				LastUpgradeCheck = 1150;
				ORGANIZATIONNAME = "Jonathan Miranda";
				TargetAttributes = {
					349A558124BA2FA6003A8A4D = {
						CreatedOnToolsVersion = 11.5;
					};
				};
			};
			buildConfigurationList = 349A557D24BA2FA6003A8A4D /* Build configuration list for PBXProject "Project-8-Moonshot" */;
			compatibilityVersion = "Xcode 9.3";
			developmentRegion = en;
			hasScannedForEncodings = 0;
			knownRegions = (
				en,
				Base,
			);
			mainGroup = 349A557924BA2FA6003A8A4D;
			productRefGroup = 349A558324BA2FA6003A8A4D /* Products */;
			projectDirPath = "";
			projectRoot = "";
			targets = (
				349A558124BA2FA6003A8A4D /* Project-8-Moonshot */,
			);
		};
/* End PBXProject section */

/* Begin PBXResourcesBuildPhase section */
		349A558024BA2FA6003A8A4D /* Resources */ = {
			isa = PBXResourcesBuildPhase;
			buildActionMask = 2147483647;
			files = (
				349A559224BA2FAB003A8A4D /* LaunchScreen.storyboard in Resources */,
				349A558F24BA2FAB003A8A4D /* Preview Assets.xcassets in Resources */,
				34FC6FE224BD12E1000A6428 /* missions.json in Resources */,
				34FC6FE324BD12E1000A6428 /* astronauts.json in Resources */,
				349A558C24BA2FAB003A8A4D /* Assets.xcassets in Resources */,
			);
			runOnlyForDeploymentPostprocessing = 0;
		};
/* End PBXResourcesBuildPhase section */

/* Begin PBXSourcesBuildPhase section */
		349A557E24BA2FA6003A8A4D /* Sources */ = {
			isa = PBXSourcesBuildPhase;
			buildActionMask = 2147483647;
			files = (
				34FD21B124BEB6EA0034F79C /* MissionView.swift in Sources */,
				34FC6FE924BD4D6E000A6428 /* Mission.swift in Sources */,
				341632D824C14B0C0066A460 /* AstronautView.swift in Sources */,
				349A558624BA2FA6003A8A4D /* AppDelegate.swift in Sources */,
				349A558824BA2FA6003A8A4D /* SceneDelegate.swift in Sources */,
				34FC6FE724BD13F6000A6428 /* Bundle-Decodable.swift in Sources */,
				349A558A24BA2FA6003A8A4D /* ContentView.swift in Sources */,
				34FC6FE524BD1399000A6428 /* Astronaut.swift in Sources */,
			);
			runOnlyForDeploymentPostprocessing = 0;
		};
/* End PBXSourcesBuildPhase section */

/* Begin PBXVariantGroup section */
		349A559024BA2FAB003A8A4D /* LaunchScreen.storyboard */ = {
			isa = PBXVariantGroup;
			children = (
				349A559124BA2FAB003A8A4D /* Base */,
			);
			name = LaunchScreen.storyboard;
			sourceTree = "<group>";
		};
/* End PBXVariantGroup section */

/* Begin XCBuildConfiguration section */
		349A559424BA2FAB003A8A4D /* Debug */ = {
			isa = XCBuildConfiguration;
			buildSettings = {
				ALWAYS_SEARCH_USER_PATHS = NO;
				CLANG_ANALYZER_NONNULL = YES;
				CLANG_ANALYZER_NUMBER_OBJECT_CONVERSION = YES_AGGRESSIVE;
				CLANG_CXX_LANGUAGE_STANDARD = "gnu++14";
				CLANG_CXX_LIBRARY = "libc++";
				CLANG_ENABLE_MODULES = YES;
				CLANG_ENABLE_OBJC_ARC = YES;
				CLANG_ENABLE_OBJC_WEAK = YES;
				CLANG_WARN_BLOCK_CAPTURE_AUTORELEASING = YES;
				CLANG_WARN_BOOL_CONVERSION = YES;
				CLANG_WARN_COMMA = YES;
				CLANG_WARN_CONSTANT_CONVERSION = YES;
				CLANG_WARN_DEPRECATED_OBJC_IMPLEMENTATIONS = YES;
				CLANG_WARN_DIRECT_OBJC_ISA_USAGE = YES_ERROR;
				CLANG_WARN_DOCUMENTATION_COMMENTS = YES;
				CLANG_WARN_EMPTY_BODY = YES;
				CLANG_WARN_ENUM_CONVERSION = YES;
				CLANG_WARN_INFINITE_RECURSION = YES;
				CLANG_WARN_INT_CONVERSION = YES;
				CLANG_WARN_NON_LITERAL_NULL_CONVERSION = YES;
				CLANG_WARN_OBJC_IMPLICIT_RETAIN_SELF = YES;
				CLANG_WARN_OBJC_LITERAL_CONVERSION = YES;
				CLANG_WARN_OBJC_ROOT_CLASS = YES_ERROR;
				CLANG_WARN_RANGE_LOOP_ANALYSIS = YES;
				CLANG_WARN_STRICT_PROTOTYPES = YES;
				CLANG_WARN_SUSPICIOUS_MOVE = YES;
				CLANG_WARN_UNGUARDED_AVAILABILITY = YES_AGGRESSIVE;
				CLANG_WARN_UNREACHABLE_CODE = YES;
				CLANG_WARN__DUPLICATE_METHOD_MATCH = YES;
				COPY_PHASE_STRIP = NO;
				DEBUG_INFORMATION_FORMAT = dwarf;
				ENABLE_STRICT_OBJC_MSGSEND = YES;
				ENABLE_TESTABILITY = YES;
				GCC_C_LANGUAGE_STANDARD = gnu11;
				GCC_DYNAMIC_NO_PIC = NO;
				GCC_NO_COMMON_BLOCKS = YES;
				GCC_OPTIMIZATION_LEVEL = 0;
				GCC_PREPROCESSOR_DEFINITIONS = (
					"DEBUG=1",
					"$(inherited)",
				);
				GCC_WARN_64_TO_32_BIT_CONVERSION = YES;
				GCC_WARN_ABOUT_RETURN_TYPE = YES_ERROR;
				GCC_WARN_UNDECLARED_SELECTOR = YES;
				GCC_WARN_UNINITIALIZED_AUTOS = YES_AGGRESSIVE;
				GCC_WARN_UNUSED_FUNCTION = YES;
				GCC_WARN_UNUSED_VARIABLE = YES;
				IPHONEOS_DEPLOYMENT_TARGET = 13.5;
				MTL_ENABLE_DEBUG_INFO = INCLUDE_SOURCE;
				MTL_FAST_MATH = YES;
				ONLY_ACTIVE_ARCH = YES;
				SDKROOT = iphoneos;
				SWIFT_ACTIVE_COMPILATION_CONDITIONS = DEBUG;
				SWIFT_OPTIMIZATION_LEVEL = "-Onone";
			};
			name = Debug;
		};
		349A559524BA2FAB003A8A4D /* Release */ = {
			isa = XCBuildConfiguration;
			buildSettings = {
				ALWAYS_SEARCH_USER_PATHS = NO;
				CLANG_ANALYZER_NONNULL = YES;
				CLANG_ANALYZER_NUMBER_OBJECT_CONVERSION = YES_AGGRESSIVE;
				CLANG_CXX_LANGUAGE_STANDARD = "gnu++14";
				CLANG_CXX_LIBRARY = "libc++";
				CLANG_ENABLE_MODULES = YES;
				CLANG_ENABLE_OBJC_ARC = YES;
				CLANG_ENABLE_OBJC_WEAK = YES;
				CLANG_WARN_BLOCK_CAPTURE_AUTORELEASING = YES;
				CLANG_WARN_BOOL_CONVERSION = YES;
				CLANG_WARN_COMMA = YES;
				CLANG_WARN_CONSTANT_CONVERSION = YES;
				CLANG_WARN_DEPRECATED_OBJC_IMPLEMENTATIONS = YES;
				CLANG_WARN_DIRECT_OBJC_ISA_USAGE = YES_ERROR;
				CLANG_WARN_DOCUMENTATION_COMMENTS = YES;
				CLANG_WARN_EMPTY_BODY = YES;
				CLANG_WARN_ENUM_CONVERSION = YES;
				CLANG_WARN_INFINITE_RECURSION = YES;
				CLANG_WARN_INT_CONVERSION = YES;
				CLANG_WARN_NON_LITERAL_NULL_CONVERSION = YES;
				CLANG_WARN_OBJC_IMPLICIT_RETAIN_SELF = YES;
				CLANG_WARN_OBJC_LITERAL_CONVERSION = YES;
				CLANG_WARN_OBJC_ROOT_CLASS = YES_ERROR;
				CLANG_WARN_RANGE_LOOP_ANALYSIS = YES;
				CLANG_WARN_STRICT_PROTOTYPES = YES;
				CLANG_WARN_SUSPICIOUS_MOVE = YES;
				CLANG_WARN_UNGUARDED_AVAILABILITY = YES_AGGRESSIVE;
				CLANG_WARN_UNREACHABLE_CODE = YES;
				CLANG_WARN__DUPLICATE_METHOD_MATCH = YES;
				COPY_PHASE_STRIP = NO;
				DEBUG_INFORMATION_FORMAT = "dwarf-with-dsym";
				ENABLE_NS_ASSERTIONS = NO;
				ENABLE_STRICT_OBJC_MSGSEND = YES;
				GCC_C_LANGUAGE_STANDARD = gnu11;
				GCC_NO_COMMON_BLOCKS = YES;
				GCC_WARN_64_TO_32_BIT_CONVERSION = YES;
				GCC_WARN_ABOUT_RETURN_TYPE = YES_ERROR;
				GCC_WARN_UNDECLARED_SELECTOR = YES;
				GCC_WARN_UNINITIALIZED_AUTOS = YES_AGGRESSIVE;
				GCC_WARN_UNUSED_FUNCTION = YES;
				GCC_WARN_UNUSED_VARIABLE = YES;
				IPHONEOS_DEPLOYMENT_TARGET = 13.5;
				MTL_ENABLE_DEBUG_INFO = NO;
				MTL_FAST_MATH = YES;
				SDKROOT = iphoneos;
				SWIFT_COMPILATION_MODE = wholemodule;
				SWIFT_OPTIMIZATION_LEVEL = "-O";
				VALIDATE_PRODUCT = YES;
			};
			name = Release;
		};
		349A559724BA2FAB003A8A4D /* Debug */ = {
			isa = XCBuildConfiguration;
			buildSettings = {
				ASSETCATALOG_COMPILER_APPICON_NAME = AppIcon;
				CODE_SIGN_STYLE = Automatic;
				DEVELOPMENT_ASSET_PATHS = "\"Project-8-Moonshot/Preview Content\"";
				DEVELOPMENT_TEAM = 9VQ88X3US5;
				ENABLE_PREVIEWS = YES;
				INFOPLIST_FILE = "Project-8-Moonshot/Info.plist";
				LD_RUNPATH_SEARCH_PATHS = (
					"$(inherited)",
					"@executable_path/Frameworks",
				);
				PRODUCT_BUNDLE_IDENTIFIER = "jonathanmiranda.Project-8-Moonshot";
				PRODUCT_NAME = "$(TARGET_NAME)";
				SWIFT_VERSION = 5.0;
				TARGETED_DEVICE_FAMILY = "1,2";
			};
			name = Debug;
		};
		349A559824BA2FAB003A8A4D /* Release */ = {
			isa = XCBuildConfiguration;
			buildSettings = {
				ASSETCATALOG_COMPILER_APPICON_NAME = AppIcon;
				CODE_SIGN_STYLE = Automatic;
				DEVELOPMENT_ASSET_PATHS = "\"Project-8-Moonshot/Preview Content\"";
				DEVELOPMENT_TEAM = 9VQ88X3US5;
				ENABLE_PREVIEWS = YES;
				INFOPLIST_FILE = "Project-8-Moonshot/Info.plist";
				LD_RUNPATH_SEARCH_PATHS = (
					"$(inherited)",
					"@executable_path/Frameworks",
				);
				PRODUCT_BUNDLE_IDENTIFIER = "jonathanmiranda.Project-8-Moonshot";
				PRODUCT_NAME = "$(TARGET_NAME)";
				SWIFT_VERSION = 5.0;
				TARGETED_DEVICE_FAMILY = "1,2";
			};
			name = Release;
		};
/* End XCBuildConfiguration section */

/* Begin XCConfigurationList section */
		349A557D24BA2FA6003A8A4D /* Build configuration list for PBXProject "Project-8-Moonshot" */ = {
			isa = XCConfigurationList;
			buildConfigurations = (
				349A559424BA2FAB003A8A4D /* Debug */,
				349A559524BA2FAB003A8A4D /* Release */,
			);
			defaultConfigurationIsVisible = 0;
			defaultConfigurationName = Release;
		};
		349A559624BA2FAB003A8A4D /* Build configuration list for PBXNativeTarget "Project-8-Moonshot" */ = {
			isa = XCConfigurationList;
			buildConfigurations = (
				349A559724BA2FAB003A8A4D /* Debug */,
				349A559824BA2FAB003A8A4D /* Release */,
			);
			defaultConfigurationIsVisible = 0;
			defaultConfigurationName = Release;
		};
/* End XCConfigurationList section */
	};
	rootObject = 349A557A24BA2FA6003A8A4D /* Project object */;
}
