// !$*UTF8*$!
{
	archiveVersion = 1;
	classes = {
	};
	objectVersion = 50;
	objects = {

/* Begin PBXBuildFile section */
		3414217923F9E0B600DDE9EB /* MKPointAnnotation-ObservableObject.swift in Sources */ = {isa = PBXBuildFile; fileRef = 3414217823F9E0B600DDE9EB /* MKPointAnnotation-ObservableObject.swift */; };
		3414217B23F9E24900DDE9EB /* EditView.swift in Sources */ = {isa = PBXBuildFile; fileRef = 3414217A23F9E24900DDE9EB /* EditView.swift */; };
		346EF4F723FB17EC0022A34C /* Result.swift in Sources */ = {isa = PBXBuildFile; fileRef = 346EF4F623FB17EC0022A34C /* Result.swift */; };
		34713DAE23F8BBCB00DF5FC6 /* MapView.swift in Sources */ = {isa = PBXBuildFile; fileRef = 34713DAD23F8BBCB00DF5FC6 /* MapView.swift */; };
		34739E4B23F791020029846E /* AppDelegate.swift in Sources */ = {isa = PBXBuildFile; fileRef = 34739E4A23F791020029846E /* AppDelegate.swift */; };
		34739E4D23F791020029846E /* SceneDelegate.swift in Sources */ = {isa = PBXBuildFile; fileRef = 34739E4C23F791020029846E /* SceneDelegate.swift */; };
		34739E4F23F791020029846E /* ContentView.swift in Sources */ = {isa = PBXBuildFile; fileRef = 34739E4E23F791020029846E /* ContentView.swift */; };
		34739E5123F791060029846E /* Assets.xcassets in Resources */ = {isa = PBXBuildFile; fileRef = 34739E5023F791060029846E /* Assets.xcassets */; };
		34739E5423F791060029846E /* Preview Assets.xcassets in Resources */ = {isa = PBXBuildFile; fileRef = 34739E5323F791060029846E /* Preview Assets.xcassets */; };
		34739E5723F791060029846E /* LaunchScreen.storyboard in Resources */ = {isa = PBXBuildFile; fileRef = 34739E5523F791060029846E /* LaunchScreen.storyboard */; };
/* End PBXBuildFile section */

/* Begin PBXFileReference section */
		3414217823F9E0B600DDE9EB /* MKPointAnnotation-ObservableObject.swift */ = {isa = PBXFileReference; lastKnownFileType = sourcecode.swift; path = "MKPointAnnotation-ObservableObject.swift"; sourceTree = "<group>"; };
		3414217A23F9E24900DDE9EB /* EditView.swift */ = {isa = PBXFileReference; lastKnownFileType = sourcecode.swift; path = EditView.swift; sourceTree = "<group>"; };
		346EF4F623FB17EC0022A34C /* Result.swift */ = {isa = PBXFileReference; lastKnownFileType = sourcecode.swift; path = Result.swift; sourceTree = "<group>"; };
		34713DAD23F8BBCB00DF5FC6 /* MapView.swift */ = {isa = PBXFileReference; lastKnownFileType = sourcecode.swift; path = MapView.swift; sourceTree = "<group>"; };
		34739E4723F791020029846E /* Project-14-BucketList.app */ = {isa = PBXFileReference; explicitFileType = wrapper.application; includeInIndex = 0; path = "Project-14-BucketList.app"; sourceTree = BUILT_PRODUCTS_DIR; };
		34739E4A23F791020029846E /* AppDelegate.swift */ = {isa = PBXFileReference; lastKnownFileType = sourcecode.swift; path = AppDelegate.swift; sourceTree = "<group>"; };
		34739E4C23F791020029846E /* SceneDelegate.swift */ = {isa = PBXFileReference; lastKnownFileType = sourcecode.swift; path = SceneDelegate.swift; sourceTree = "<group>"; };
		34739E4E23F791020029846E /* ContentView.swift */ = {isa = PBXFileReference; lastKnownFileType = sourcecode.swift; path = ContentView.swift; sourceTree = "<group>"; };
		34739E5023F791060029846E /* Assets.xcassets */ = {isa = PBXFileReference; lastKnownFileType = folder.assetcatalog; path = Assets.xcassets; sourceTree = "<group>"; };
		34739E5323F791060029846E /* Preview Assets.xcassets */ = {isa = PBXFileReference; lastKnownFileType = folder.assetcatalog; path = "Preview Assets.xcassets"; sourceTree = "<group>"; };
		34739E5623F791060029846E /* Base */ = {isa = PBXFileReference; lastKnownFileType = file.storyboard; name = Base; path = Base.lproj/LaunchScreen.storyboard; sourceTree = "<group>"; };
		34739E5823F791060029846E /* Info.plist */ = {isa = PBXFileReference; lastKnownFileType = text.plist.xml; path = Info.plist; sourceTree = "<group>"; };
/* End PBXFileReference section */

/* Begin PBXFrameworksBuildPhase section */
		34739E4423F791020029846E /* Frameworks */ = {
			isa = PBXFrameworksBuildPhase;
			buildActionMask = 2147483647;
			files = (
			);
			runOnlyForDeploymentPostprocessing = 0;
		};
/* End PBXFrameworksBuildPhase section */

/* Begin PBXGroup section */
		34739E3E23F791020029846E = {
			isa = PBXGroup;
			children = (
				34739E4923F791020029846E /* Project-14-BucketList */,
				34739E4823F791020029846E /* Products */,
			);
			sourceTree = "<group>";
		};
		34739E4823F791020029846E /* Products */ = {
			isa = PBXGroup;
			children = (
				34739E4723F791020029846E /* Project-14-BucketList.app */,
			);
			name = Products;
			sourceTree = "<group>";
		};
		34739E4923F791020029846E /* Project-14-BucketList */ = {
			isa = PBXGroup;
			children = (
				34739E4A23F791020029846E /* AppDelegate.swift */,
				34739E4C23F791020029846E /* SceneDelegate.swift */,
				34739E4E23F791020029846E /* ContentView.swift */,
				34713DAD23F8BBCB00DF5FC6 /* MapView.swift */,
				3414217823F9E0B600DDE9EB /* MKPointAnnotation-ObservableObject.swift */,
				3414217A23F9E24900DDE9EB /* EditView.swift */,
				346EF4F623FB17EC0022A34C /* Result.swift */,
				34739E5023F791060029846E /* Assets.xcassets */,
				34739E5523F791060029846E /* LaunchScreen.storyboard */,
				34739E5823F791060029846E /* Info.plist */,
				34739E5223F791060029846E /* Preview Content */,
			);
			path = "Project-14-BucketList";
			sourceTree = "<group>";
		};
		34739E5223F791060029846E /* Preview Content */ = {
			isa = PBXGroup;
			children = (
				34739E5323F791060029846E /* Preview Assets.xcassets */,
			);
			path = "Preview Content";
			sourceTree = "<group>";
		};
/* End PBXGroup section */

/* Begin PBXNativeTarget section */
		34739E4623F791020029846E /* Project-14-BucketList */ = {
			isa = PBXNativeTarget;
			buildConfigurationList = 34739E5B23F791060029846E /* Build configuration list for PBXNativeTarget "Project-14-BucketList" */;
			buildPhases = (
				34739E4323F791020029846E /* Sources */,
				34739E4423F791020029846E /* Frameworks */,
				34739E4523F791020029846E /* Resources */,
			);
			buildRules = (
			);
			dependencies = (
			);
			name = "Project-14-BucketList";
			productName = "Project-14-BucketList";
			productReference = 34739E4723F791020029846E /* Project-14-BucketList.app */;
			productType = "com.apple.product-type.application";
		};
/* End PBXNativeTarget section */

/* Begin PBXProject section */
		34739E3F23F791020029846E /* Project object */ = {
			isa = PBXProject;
			attributes = {
				LastSwiftUpdateCheck = 1130;
				LastUpgradeCheck = 1130;
				ORGANIZATIONNAME = "Jonathan Miranda";
				TargetAttributes = {
					34739E4623F791020029846E = {
						CreatedOnToolsVersion = 11.3.1;
					};
				};
			};
			buildConfigurationList = 34739E4223F791020029846E /* Build configuration list for PBXProject "Project-14-BucketList" */;
			compatibilityVersion = "Xcode 9.3";
			developmentRegion = en;
			hasScannedForEncodings = 0;
			knownRegions = (
				en,
				Base,
			);
			mainGroup = 34739E3E23F791020029846E;
			productRefGroup = 34739E4823F791020029846E /* Products */;
			projectDirPath = "";
			projectRoot = "";
			targets = (
				34739E4623F791020029846E /* Project-14-BucketList */,
			);
		};
/* End PBXProject section */

/* Begin PBXResourcesBuildPhase section */
		34739E4523F791020029846E /* Resources */ = {
			isa = PBXResourcesBuildPhase;
			buildActionMask = 2147483647;
			files = (
				34739E5723F791060029846E /* LaunchScreen.storyboard in Resources */,
				34739E5423F791060029846E /* Preview Assets.xcassets in Resources */,
				34739E5123F791060029846E /* Assets.xcassets in Resources */,
			);
			runOnlyForDeploymentPostprocessing = 0;
		};
/* End PBXResourcesBuildPhase section */

/* Begin PBXSourcesBuildPhase section */
		34739E4323F791020029846E /* Sources */ = {
			isa = PBXSourcesBuildPhase;
			buildActionMask = 2147483647;
			files = (
				34739E4B23F791020029846E /* AppDelegate.swift in Sources */,
				34713DAE23F8BBCB00DF5FC6 /* MapView.swift in Sources */,
				3414217B23F9E24900DDE9EB /* EditView.swift in Sources */,
				34739E4D23F791020029846E /* SceneDelegate.swift in Sources */,
				346EF4F723FB17EC0022A34C /* Result.swift in Sources */,
				3414217923F9E0B600DDE9EB /* MKPointAnnotation-ObservableObject.swift in Sources */,
				34739E4F23F791020029846E /* ContentView.swift in Sources */,
			);
			runOnlyForDeploymentPostprocessing = 0;
		};
/* End PBXSourcesBuildPhase section */

/* Begin PBXVariantGroup section */
		34739E5523F791060029846E /* LaunchScreen.storyboard */ = {
			isa = PBXVariantGroup;
			children = (
				34739E5623F791060029846E /* Base */,
			);
			name = LaunchScreen.storyboard;
			sourceTree = "<group>";
		};
/* End PBXVariantGroup section */

/* Begin XCBuildConfiguration section */
		34739E5923F791060029846E /* Debug */ = {
			isa = XCBuildConfiguration;
			buildSettings = {
				ALWAYS_SEARCH_USER_PATHS = NO;
				CLANG_ANALYZER_NONNULL = YES;
				CLANG_ANALYZER_NUMBER_OBJECT_CONVERSION = YES_AGGRESSIVE;
				CLANG_CXX_LANGUAGE_STANDARD = "gnu++14";
				CLANG_CXX_LIBRARY = "libc++";
				CLANG_ENABLE_MODULES = YES;
				CLANG_ENABLE_OBJC_ARC = YES;
				CLANG_ENABLE_OBJC_WEAK = YES;
				CLANG_WARN_BLOCK_CAPTURE_AUTORELEASING = YES;
				CLANG_WARN_BOOL_CONVERSION = YES;
				CLANG_WARN_COMMA = YES;
				CLANG_WARN_CONSTANT_CONVERSION = YES;
				CLANG_WARN_DEPRECATED_OBJC_IMPLEMENTATIONS = YES;
				CLANG_WARN_DIRECT_OBJC_ISA_USAGE = YES_ERROR;
				CLANG_WARN_DOCUMENTATION_COMMENTS = YES;
				CLANG_WARN_EMPTY_BODY = YES;
				CLANG_WARN_ENUM_CONVERSION = YES;
				CLANG_WARN_INFINITE_RECURSION = YES;
				CLANG_WARN_INT_CONVERSION = YES;
				CLANG_WARN_NON_LITERAL_NULL_CONVERSION = YES;
				CLANG_WARN_OBJC_IMPLICIT_RETAIN_SELF = YES;
				CLANG_WARN_OBJC_LITERAL_CONVERSION = YES;
				CLANG_WARN_OBJC_ROOT_CLASS = YES_ERROR;
				CLANG_WARN_RANGE_LOOP_ANALYSIS = YES;
				CLANG_WARN_STRICT_PROTOTYPES = YES;
				CLANG_WARN_SUSPICIOUS_MOVE = YES;
				CLANG_WARN_UNGUARDED_AVAILABILITY = YES_AGGRESSIVE;
				CLANG_WARN_UNREACHABLE_CODE = YES;
				CLANG_WARN__DUPLICATE_METHOD_MATCH = YES;
				COPY_PHASE_STRIP = NO;
				DEBUG_INFORMATION_FORMAT = dwarf;
				ENABLE_STRICT_OBJC_MSGSEND = YES;
				ENABLE_TESTABILITY = YES;
				GCC_C_LANGUAGE_STANDARD = gnu11;
				GCC_DYNAMIC_NO_PIC = NO;
				GCC_NO_COMMON_BLOCKS = YES;
				GCC_OPTIMIZATION_LEVEL = 0;
				GCC_PREPROCESSOR_DEFINITIONS = (
					"DEBUG=1",
					"$(inherited)",
				);
				GCC_WARN_64_TO_32_BIT_CONVERSION = YES;
				GCC_WARN_ABOUT_RETURN_TYPE = YES_ERROR;
				GCC_WARN_UNDECLARED_SELECTOR = YES;
				GCC_WARN_UNINITIALIZED_AUTOS = YES_AGGRESSIVE;
				GCC_WARN_UNUSED_FUNCTION = YES;
				GCC_WARN_UNUSED_VARIABLE = YES;
				IPHONEOS_DEPLOYMENT_TARGET = 13.2;
				MTL_ENABLE_DEBUG_INFO = INCLUDE_SOURCE;
				MTL_FAST_MATH = YES;
				ONLY_ACTIVE_ARCH = YES;
				SDKROOT = iphoneos;
				SWIFT_ACTIVE_COMPILATION_CONDITIONS = DEBUG;
				SWIFT_OPTIMIZATION_LEVEL = "-Onone";
			};
			name = Debug;
		};
		34739E5A23F791060029846E /* Release */ = {
			isa = XCBuildConfiguration;
			buildSettings = {
				ALWAYS_SEARCH_USER_PATHS = NO;
				CLANG_ANALYZER_NONNULL = YES;
				CLANG_ANALYZER_NUMBER_OBJECT_CONVERSION = YES_AGGRESSIVE;
				CLANG_CXX_LANGUAGE_STANDARD = "gnu++14";
				CLANG_CXX_LIBRARY = "libc++";
				CLANG_ENABLE_MODULES = YES;
				CLANG_ENABLE_OBJC_ARC = YES;
				CLANG_ENABLE_OBJC_WEAK = YES;
				CLANG_WARN_BLOCK_CAPTURE_AUTORELEASING = YES;
				CLANG_WARN_BOOL_CONVERSION = YES;
				CLANG_WARN_COMMA = YES;
				CLANG_WARN_CONSTANT_CONVERSION = YES;
				CLANG_WARN_DEPRECATED_OBJC_IMPLEMENTATIONS = YES;
				CLANG_WARN_DIRECT_OBJC_ISA_USAGE = YES_ERROR;
				CLANG_WARN_DOCUMENTATION_COMMENTS = YES;
				CLANG_WARN_EMPTY_BODY = YES;
				CLANG_WARN_ENUM_CONVERSION = YES;
				CLANG_WARN_INFINITE_RECURSION = YES;
				CLANG_WARN_INT_CONVERSION = YES;
				CLANG_WARN_NON_LITERAL_NULL_CONVERSION = YES;
				CLANG_WARN_OBJC_IMPLICIT_RETAIN_SELF = YES;
				CLANG_WARN_OBJC_LITERAL_CONVERSION = YES;
				CLANG_WARN_OBJC_ROOT_CLASS = YES_ERROR;
				CLANG_WARN_RANGE_LOOP_ANALYSIS = YES;
				CLANG_WARN_STRICT_PROTOTYPES = YES;
				CLANG_WARN_SUSPICIOUS_MOVE = YES;
				CLANG_WARN_UNGUARDED_AVAILABILITY = YES_AGGRESSIVE;
				CLANG_WARN_UNREACHABLE_CODE = YES;
				CLANG_WARN__DUPLICATE_METHOD_MATCH = YES;
				COPY_PHASE_STRIP = NO;
				DEBUG_INFORMATION_FORMAT = "dwarf-with-dsym";
				ENABLE_NS_ASSERTIONS = NO;
				ENABLE_STRICT_OBJC_MSGSEND = YES;
				GCC_C_LANGUAGE_STANDARD = gnu11;
				GCC_NO_COMMON_BLOCKS = YES;
				GCC_WARN_64_TO_32_BIT_CONVERSION = YES;
				GCC_WARN_ABOUT_RETURN_TYPE = YES_ERROR;
				GCC_WARN_UNDECLARED_SELECTOR = YES;
				GCC_WARN_UNINITIALIZED_AUTOS = YES_AGGRESSIVE;
				GCC_WARN_UNUSED_FUNCTION = YES;
				GCC_WARN_UNUSED_VARIABLE = YES;
				IPHONEOS_DEPLOYMENT_TARGET = 13.2;
				MTL_ENABLE_DEBUG_INFO = NO;
				MTL_FAST_MATH = YES;
				SDKROOT = iphoneos;
				SWIFT_COMPILATION_MODE = wholemodule;
				SWIFT_OPTIMIZATION_LEVEL = "-O";
				VALIDATE_PRODUCT = YES;
			};
			name = Release;
		};
		34739E5C23F791060029846E /* Debug */ = {
			isa = XCBuildConfiguration;
			buildSettings = {
				ASSETCATALOG_COMPILER_APPICON_NAME = AppIcon;
				CODE_SIGN_STYLE = Automatic;
				DEVELOPMENT_ASSET_PATHS = "\"Project-14-BucketList/Preview Content\"";
				DEVELOPMENT_TEAM = 9VQ88X3US5;
				ENABLE_PREVIEWS = YES;
				INFOPLIST_FILE = "Project-14-BucketList/Info.plist";
				LD_RUNPATH_SEARCH_PATHS = (
					"$(inherited)",
					"@executable_path/Frameworks",
				);
				PRODUCT_BUNDLE_IDENTIFIER = "jonathanmiranda.Project-14-BucketList";
				PRODUCT_NAME = "$(TARGET_NAME)";
				SWIFT_VERSION = 5.0;
				TARGETED_DEVICE_FAMILY = "1,2";
			};
			name = Debug;
		};
		34739E5D23F791060029846E /* Release */ = {
			isa = XCBuildConfiguration;
			buildSettings = {
				ASSETCATALOG_COMPILER_APPICON_NAME = AppIcon;
				CODE_SIGN_STYLE = Automatic;
				DEVELOPMENT_ASSET_PATHS = "\"Project-14-BucketList/Preview Content\"";
				DEVELOPMENT_TEAM = 9VQ88X3US5;
				ENABLE_PREVIEWS = YES;
				INFOPLIST_FILE = "Project-14-BucketList/Info.plist";
				LD_RUNPATH_SEARCH_PATHS = (
					"$(inherited)",
					"@executable_path/Frameworks",
				);
				PRODUCT_BUNDLE_IDENTIFIER = "jonathanmiranda.Project-14-BucketList";
				PRODUCT_NAME = "$(TARGET_NAME)";
				SWIFT_VERSION = 5.0;
				TARGETED_DEVICE_FAMILY = "1,2";
			};
			name = Release;
		};
/* End XCBuildConfiguration section */

/* Begin XCConfigurationList section */
		34739E4223F791020029846E /* Build configuration list for PBXProject "Project-14-BucketList" */ = {
			isa = XCConfigurationList;
			buildConfigurations = (
				34739E5923F791060029846E /* Debug */,
				34739E5A23F791060029846E /* Release */,
			);
			defaultConfigurationIsVisible = 0;
			defaultConfigurationName = Release;
		};
		34739E5B23F791060029846E /* Build configuration list for PBXNativeTarget "Project-14-BucketList" */ = {
			isa = XCConfigurationList;
			buildConfigurations = (
				34739E5C23F791060029846E /* Debug */,
				34739E5D23F791060029846E /* Release */,
			);
			defaultConfigurationIsVisible = 0;
			defaultConfigurationName = Release;
		};
/* End XCConfigurationList section */
	};
	rootObject = 34739E3F23F791020029846E /* Project object */;
}
